
Microsoft Visual Studio Solution File, Format Version 12.00
# Visual Studio Version 17
VisualStudioVersion = 17.8.34322.80
MinimumVisualStudioVersion = 10.0.40219.1
Project("{FAE04EC0-301F-11D3-BF4B-00C04F79EFBC}") = "Lab_6", "Lab_6\Lab_6.csproj", "{0606C97D-3333-4816-BF8F-6703C9C16D7E}"
EndProject
Global
	GlobalSection(SolutionConfigurationPlatforms) = preSolution
		Debug|Any CPU = Debug|Any CPU
		Release|Any CPU = Release|Any CPU
	EndGlobalSection
	GlobalSection(ProjectConfigurationPlatforms) = postSolution
		{0606C97D-3333-4816-BF8F-6703C9C16D7E}.Debug|Any CPU.ActiveCfg = Debug|Any CPU
		{0606C97D-3333-4816-BF8F-6703C9C16D7E}.Debug|Any CPU.Build.0 = Debug|Any CPU
		{0606C97D-3333-4816-BF8F-6703C9C16D7E}.Release|Any CPU.ActiveCfg = Release|Any CPU
		{0606C97D-3333-4816-BF8F-6703C9C16D7E}.Release|Any CPU.Build.0 = Release|Any CPU
	EndGlobalSection
	GlobalSection(SolutionProperties) = preSolution
		HideSolutionNode = FALSE
	EndGlobalSection
	GlobalSection(ExtensibilityGlobals) = postSolution
		SolutionGuid = {47C5C3BC-8501-4E82-8322-49A6E8E2B20A}
	EndGlobalSection
EndGlobal
