
Microsoft Visual Studio Solution File, Format Version 12.00
# Visual Studio Version 17
VisualStudioVersion = 17.4.33205.214
MinimumVisualStudioVersion = 10.0.40219.1
Project("{FAE04EC0-301F-11D3-BF4B-00C04F79EFBC}") = "PR1", "PR1\PR1.csproj", "{DB229984-7035-4326-8934-3475DB09EBBF}"
EndProject
Global
	GlobalSection(SolutionConfigurationPlatforms) = preSolution
		Debug|Any CPU = Debug|Any CPU
		Release|Any CPU = Release|Any CPU
	EndGlobalSection
	GlobalSection(ProjectConfigurationPlatforms) = postSolution
		{DB229984-7035-4326-8934-3475DB09EBBF}.Debug|Any CPU.ActiveCfg = Debug|Any CPU
		{DB229984-7035-4326-8934-3475DB09EBBF}.Debug|Any CPU.Build.0 = Debug|Any CPU
		{DB229984-7035-4326-8934-3475DB09EBBF}.Release|Any CPU.ActiveCfg = Release|Any CPU
		{DB229984-7035-4326-8934-3475DB09EBBF}.Release|Any CPU.Build.0 = Release|Any CPU
	EndGlobalSection
	GlobalSection(SolutionProperties) = preSolution
		HideSolutionNode = FALSE
	EndGlobalSection
	GlobalSection(ExtensibilityGlobals) = postSolution
		SolutionGuid = {A759305C-A9B3-45E0-A86C-5B7D1BF40898}
	EndGlobalSection
EndGlobal
