
Microsoft Visual Studio Solution File, Format Version 12.00
# Visual Studio Version 17
VisualStudioVersion = 17.7.34031.279
MinimumVisualStudioVersion = 10.0.40219.1
Project("{FAE04EC0-301F-11D3-BF4B-00C04F79EFBC}") = "Lab_3", "Lab_3\Lab_3.csproj", "{9EE7A81C-2AE9-4AAE-A4B7-E8F7806678C0}"
EndProject
Global
	GlobalSection(SolutionConfigurationPlatforms) = preSolution
		Debug|Any CPU = Debug|Any CPU
		Release|Any CPU = Release|Any CPU
	EndGlobalSection
	GlobalSection(ProjectConfigurationPlatforms) = postSolution
		{9EE7A81C-2AE9-4AAE-A4B7-E8F7806678C0}.Debug|Any CPU.ActiveCfg = Debug|Any CPU
		{9EE7A81C-2AE9-4AAE-A4B7-E8F7806678C0}.Debug|Any CPU.Build.0 = Debug|Any CPU
		{9EE7A81C-2AE9-4AAE-A4B7-E8F7806678C0}.Release|Any CPU.ActiveCfg = Release|Any CPU
		{9EE7A81C-2AE9-4AAE-A4B7-E8F7806678C0}.Release|Any CPU.Build.0 = Release|Any CPU
	EndGlobalSection
	GlobalSection(SolutionProperties) = preSolution
		HideSolutionNode = FALSE
	EndGlobalSection
	GlobalSection(ExtensibilityGlobals) = postSolution
		SolutionGuid = {19867BC7-6B10-49A8-B79F-E92ED22955D4}
	EndGlobalSection
EndGlobal
